
Microsoft Visual Studio Solution File, Format Version 12.00
# Visual Studio Version 16
VisualStudioVersion = 16.0.30711.63
MinimumVisualStudioVersion = 10.0.40219.1
Project("{9A19103F-16F7-4668-BE54-9A1E7A4F7556}") = "Day01", "Day01\Day01.csproj", "{1B6BD393-0588-469D-9ED5-A4A49612330E}"
EndProject
Project("{FAE04EC0-301F-11D3-BF4B-00C04F79EFBC}") = "Day02", "Day02\Day02.csproj", "{749F9CC5-A8AE-4DB3-A105-D052638C35FC}"
EndProject
Project("{8BC9CEB8-8B4A-11D0-8D11-00A0C91BC942}") = "Shared", "Shared\Shared.vcxproj", "{0DC98D8B-934F-41EC-A591-A63708D447F7}"
EndProject
Global
	GlobalSection(SolutionConfigurationPlatforms) = preSolution
		Debug|Any CPU = Debug|Any CPU
		Debug|x64 = Debug|x64
		Debug|x86 = Debug|x86
		Release|Any CPU = Release|Any CPU
		Release|x64 = Release|x64
		Release|x86 = Release|x86
	EndGlobalSection
	GlobalSection(ProjectConfigurationPlatforms) = postSolution
		{1B6BD393-0588-469D-9ED5-A4A49612330E}.Debug|Any CPU.ActiveCfg = Debug|Any CPU
		{1B6BD393-0588-469D-9ED5-A4A49612330E}.Debug|Any CPU.Build.0 = Debug|Any CPU
		{1B6BD393-0588-469D-9ED5-A4A49612330E}.Debug|x64.ActiveCfg = Debug|Any CPU
		{1B6BD393-0588-469D-9ED5-A4A49612330E}.Debug|x64.Build.0 = Debug|Any CPU
		{1B6BD393-0588-469D-9ED5-A4A49612330E}.Debug|x86.ActiveCfg = Debug|Any CPU
		{1B6BD393-0588-469D-9ED5-A4A49612330E}.Debug|x86.Build.0 = Debug|Any CPU
		{1B6BD393-0588-469D-9ED5-A4A49612330E}.Release|Any CPU.ActiveCfg = Release|Any CPU
		{1B6BD393-0588-469D-9ED5-A4A49612330E}.Release|Any CPU.Build.0 = Release|Any CPU
		{1B6BD393-0588-469D-9ED5-A4A49612330E}.Release|x64.ActiveCfg = Release|Any CPU
		{1B6BD393-0588-469D-9ED5-A4A49612330E}.Release|x64.Build.0 = Release|Any CPU
		{1B6BD393-0588-469D-9ED5-A4A49612330E}.Release|x86.ActiveCfg = Release|Any CPU
		{1B6BD393-0588-469D-9ED5-A4A49612330E}.Release|x86.Build.0 = Release|Any CPU
		{749F9CC5-A8AE-4DB3-A105-D052638C35FC}.Debug|Any CPU.ActiveCfg = Debug|Any CPU
		{749F9CC5-A8AE-4DB3-A105-D052638C35FC}.Debug|Any CPU.Build.0 = Debug|Any CPU
		{749F9CC5-A8AE-4DB3-A105-D052638C35FC}.Debug|x64.ActiveCfg = Debug|Any CPU
		{749F9CC5-A8AE-4DB3-A105-D052638C35FC}.Debug|x64.Build.0 = Debug|Any CPU
		{749F9CC5-A8AE-4DB3-A105-D052638C35FC}.Debug|x86.ActiveCfg = Debug|Any CPU
		{749F9CC5-A8AE-4DB3-A105-D052638C35FC}.Debug|x86.Build.0 = Debug|Any CPU
		{749F9CC5-A8AE-4DB3-A105-D052638C35FC}.Release|Any CPU.ActiveCfg = Release|Any CPU
		{749F9CC5-A8AE-4DB3-A105-D052638C35FC}.Release|Any CPU.Build.0 = Release|Any CPU
		{749F9CC5-A8AE-4DB3-A105-D052638C35FC}.Release|x64.ActiveCfg = Release|Any CPU
		{749F9CC5-A8AE-4DB3-A105-D052638C35FC}.Release|x64.Build.0 = Release|Any CPU
		{749F9CC5-A8AE-4DB3-A105-D052638C35FC}.Release|x86.ActiveCfg = Release|Any CPU
		{749F9CC5-A8AE-4DB3-A105-D052638C35FC}.Release|x86.Build.0 = Release|Any CPU
		{0DC98D8B-934F-41EC-A591-A63708D447F7}.Debug|Any CPU.ActiveCfg = Debug|Win32
		{0DC98D8B-934F-41EC-A591-A63708D447F7}.Debug|x64.ActiveCfg = Debug|x64
		{0DC98D8B-934F-41EC-A591-A63708D447F7}.Debug|x64.Build.0 = Debug|x64
		{0DC98D8B-934F-41EC-A591-A63708D447F7}.Debug|x86.ActiveCfg = Debug|Win32
		{0DC98D8B-934F-41EC-A591-A63708D447F7}.Debug|x86.Build.0 = Debug|Win32
		{0DC98D8B-934F-41EC-A591-A63708D447F7}.Release|Any CPU.ActiveCfg = Release|Win32
		{0DC98D8B-934F-41EC-A591-A63708D447F7}.Release|x64.ActiveCfg = Release|x64
		{0DC98D8B-934F-41EC-A591-A63708D447F7}.Release|x64.Build.0 = Release|x64
		{0DC98D8B-934F-41EC-A591-A63708D447F7}.Release|x86.ActiveCfg = Release|Win32
		{0DC98D8B-934F-41EC-A591-A63708D447F7}.Release|x86.Build.0 = Release|Win32
	EndGlobalSection
	GlobalSection(SolutionProperties) = preSolution
		HideSolutionNode = FALSE
	EndGlobalSection
	GlobalSection(ExtensibilityGlobals) = postSolution
		SolutionGuid = {6A905FF7-9C53-41D6-888B-0E10C346B254}
	EndGlobalSection
EndGlobal
